// !$*UTF8*$!
{
	archiveVersion = 1;
	classes = {
	};
	objectVersion = 46;
	objects = {

/* Begin PBXBuildFile section */
		A13488B01F3572BA00354676 /* AppDelegate.swift in Sources */ = {isa = PBXBuildFile; fileRef = A13488AF1F3572BA00354676 /* AppDelegate.swift */; };
		A13488B21F3572BA00354676 /* ViewController.swift in Sources */ = {isa = PBXBuildFile; fileRef = A13488B11F3572BA00354676 /* ViewController.swift */; };
		A13488B51F3572BA00354676 /* Main.storyboard in Resources */ = {isa = PBXBuildFile; fileRef = A13488B31F3572BA00354676 /* Main.storyboard */; };
		A13488B71F3572BA00354676 /* Assets.xcassets in Resources */ = {isa = PBXBuildFile; fileRef = A13488B61F3572BA00354676 /* Assets.xcassets */; };
		A13488BA1F3572BA00354676 /* LaunchScreen.storyboard in Resources */ = {isa = PBXBuildFile; fileRef = A13488B81F3572BA00354676 /* LaunchScreen.storyboard */; };
/* End PBXBuildFile section */

/* Begin PBXFileReference section */
		A13488AC1F3572BA00354676 /* Checkbox.app */ = {isa = PBXFileReference; explicitFileType = wrapper.application; includeInIndex = 0; path = Checkbox.app; sourceTree = BUILT_PRODUCTS_DIR; };
		A13488AF1F3572BA00354676 /* AppDelegate.swift */ = {isa = PBXFileReference; lastKnownFileType = sourcecode.swift; path = AppDelegate.swift; sourceTree = "<group>"; };
		A13488B11F3572BA00354676 /* ViewController.swift */ = {isa = PBXFileReference; lastKnownFileType = sourcecode.swift; path = ViewController.swift; sourceTree = "<group>"; };
		A13488B41F3572BA00354676 /* Base */ = {isa = PBXFileReference; lastKnownFileType = file.storyboard; name = Base; path = Base.lproj/Main.storyboard; sourceTree = "<group>"; };
		A13488B61F3572BA00354676 /* Assets.xcassets */ = {isa = PBXFileReference; lastKnownFileType = folder.assetcatalog; path = Assets.xcassets; sourceTree = "<group>"; };
		A13488B91F3572BA00354676 /* Base */ = {isa = PBXFileReference; lastKnownFileType = file.storyboard; name = Base; path = Base.lproj/LaunchScreen.storyboard; sourceTree = "<group>"; };
		A13488BB1F3572BA00354676 /* Info.plist */ = {isa = PBXFileReference; lastKnownFileType = text.plist.xml; path = Info.plist; sourceTree = "<group>"; };
/* End PBXFileReference section */

/* Begin PBXFrameworksBuildPhase section */
		A13488A91F3572BA00354676 /* Frameworks */ = {
			isa = PBXFrameworksBuildPhase;
			buildActionMask = 2147483647;
			files = (
			);
			runOnlyForDeploymentPostprocessing = 0;
		};
/* End PBXFrameworksBuildPhase section */

/* Begin PBXGroup section */
		A13488A31F3572B900354676 = {
			isa = PBXGroup;
			children = (
				A13488AE1F3572BA00354676 /* Checkbox */,
				A13488AD1F3572BA00354676 /* Products */,
			);
			sourceTree = "<group>";
		};
		A13488AD1F3572BA00354676 /* Products */ = {
			isa = PBXGroup;
			children = (
				A13488AC1F3572BA00354676 /* Checkbox.app */,
			);
			name = Products;
			sourceTree = "<group>";
		};
		A13488AE1F3572BA00354676 /* Checkbox */ = {
			isa = PBXGroup;
			children = (
				A13488AF1F3572BA00354676 /* AppDelegate.swift */,
				A13488B11F3572BA00354676 /* ViewController.swift */,
				A13488B31F3572BA00354676 /* Main.storyboard */,
				A13488B61F3572BA00354676 /* Assets.xcassets */,
				A13488B81F3572BA00354676 /* LaunchScreen.storyboard */,
				A13488BB1F3572BA00354676 /* Info.plist */,
			);
			path = Checkbox;
			sourceTree = "<group>";
		};
/* End PBXGroup section */

/* Begin PBXNativeTarget section */
		A13488AB1F3572BA00354676 /* Checkbox */ = {
			isa = PBXNativeTarget;
			buildConfigurationList = A13488BE1F3572BA00354676 /* Build configuration list for PBXNativeTarget "Checkbox" */;
			buildPhases = (
				A13488A81F3572BA00354676 /* Sources */,
				A13488A91F3572BA00354676 /* Frameworks */,
				A13488AA1F3572BA00354676 /* Resources */,
			);
			buildRules = (
			);
			dependencies = (
			);
			name = Checkbox;
			productName = Checkbox;
			productReference = A13488AC1F3572BA00354676 /* Checkbox.app */;
			productType = "com.apple.product-type.application";
		};
/* End PBXNativeTarget section */

/* Begin PBXProject section */
		A13488A41F3572B900354676 /* Project object */ = {
			isa = PBXProject;
			attributes = {
				LastSwiftUpdateCheck = 0830;
				LastUpgradeCheck = 0830;
				ORGANIZATIONNAME = "Beau Nouvelle";
				TargetAttributes = {
					A13488AB1F3572BA00354676 = {
						CreatedOnToolsVersion = 8.3.3;
						DevelopmentTeam = RCFBK97QU7;
						ProvisioningStyle = Automatic;
					};
				};
			};
			buildConfigurationList = A13488A71F3572B900354676 /* Build configuration list for PBXProject "Checkbox" */;
			compatibilityVersion = "Xcode 3.2";
			developmentRegion = English;
			hasScannedForEncodings = 0;
			knownRegions = (
				en,
				Base,
			);
			mainGroup = A13488A31F3572B900354676;
			productRefGroup = A13488AD1F3572BA00354676 /* Products */;
			projectDirPath = "";
			projectRoot = "";
			targets = (
				A13488AB1F3572BA00354676 /* Checkbox */,
			);
		};
/* End PBXProject section */

/* Begin PBXResourcesBuildPhase section */
		A13488AA1F3572BA00354676 /* Resources */ = {
			isa = PBXResourcesBuildPhase;
			buildActionMask = 2147483647;
			files = (
				A13488BA1F3572BA00354676 /* LaunchScreen.storyboard in Resources */,
				A13488B71F3572BA00354676 /* Assets.xcassets in Resources */,
				A13488B51F3572BA00354676 /* Main.storyboard in Resources */,
			);
			runOnlyForDeploymentPostprocessing = 0;
		};
/* End PBXResourcesBuildPhase section */

/* Begin PBXSourcesBuildPhase section */
		A13488A81F3572BA00354676 /* Sources */ = {
			isa = PBXSourcesBuildPhase;
			buildActionMask = 2147483647;
			files = (
				A13488B21F3572BA00354676 /* ViewController.swift in Sources */,
				A13488B01F3572BA00354676 /* AppDelegate.swift in Sources */,
			);
			runOnlyForDeploymentPostprocessing = 0;
		};
/* End PBXSourcesBuildPhase section */

/* Begin PBXVariantGroup section */
		A13488B31F3572BA00354676 /* Main.storyboard */ = {
			isa = PBXVariantGroup;
			children = (
				A13488B41F3572BA00354676 /* Base */,
			);
			name = Main.storyboard;
			sourceTree = "<group>";
		};
		A13488B81F3572BA00354676 /* LaunchScreen.storyboard */ = {
			isa = PBXVariantGroup;
			children = (
				A13488B91F3572BA00354676 /* Base */,
			);
			name = LaunchScreen.storyboard;
			sourceTree = "<group>";
		};
/* End PBXVariantGroup section */

/* Begin XCBuildConfiguration section */
		A13488BC1F3572BA00354676 /* Debug */ = {
			isa = XCBuildConfiguration;
			buildSettings = {
				ALWAYS_SEARCH_USER_PATHS = NO;
				CLANG_ANALYZER_NONNULL = YES;
				CLANG_ANALYZER_NUMBER_OBJECT_CONVERSION = YES_AGGRESSIVE;
				CLANG_CXX_LANGUAGE_STANDARD = "gnu++0x";
				CLANG_CXX_LIBRARY = "libc++";
				CLANG_ENABLE_MODULES = YES;
				CLANG_ENABLE_OBJC_ARC = YES;
				CLANG_WARN_BOOL_CONVERSION = YES;
				CLANG_WARN_CONSTANT_CONVERSION = YES;
				CLANG_WARN_DIRECT_OBJC_ISA_USAGE = YES_ERROR;
				CLANG_WARN_DOCUMENTATION_COMMENTS = YES;
				CLANG_WARN_EMPTY_BODY = YES;
				CLANG_WARN_ENUM_CONVERSION = YES;
				CLANG_WARN_INFINITE_RECURSION = YES;
				CLANG_WARN_INT_CONVERSION = YES;
				CLANG_WARN_OBJC_ROOT_CLASS = YES_ERROR;
				CLANG_WARN_SUSPICIOUS_MOVE = YES;
				CLANG_WARN_UNREACHABLE_CODE = YES;
				CLANG_WARN__DUPLICATE_METHOD_MATCH = YES;
				"CODE_SIGN_IDENTITY[sdk=iphoneos*]" = "iPhone Developer";
				COPY_PHASE_STRIP = NO;
				DEBUG_INFORMATION_FORMAT = dwarf;
				ENABLE_STRICT_OBJC_MSGSEND = YES;
				ENABLE_TESTABILITY = YES;
				GCC_C_LANGUAGE_STANDARD = gnu99;
				GCC_DYNAMIC_NO_PIC = NO;
				GCC_NO_COMMON_BLOCKS = YES;
				GCC_OPTIMIZATION_LEVEL = 0;
				GCC_PREPROCESSOR_DEFINITIONS = (
					"DEBUG=1",
					"$(inherited)",
				);
				GCC_WARN_64_TO_32_BIT_CONVERSION = YES;
				GCC_WARN_ABOUT_RETURN_TYPE = YES_ERROR;
				GCC_WARN_UNDECLARED_SELECTOR = YES;
				GCC_WARN_UNINITIALIZED_AUTOS = YES_AGGRESSIVE;
				GCC_WARN_UNUSED_FUNCTION = YES;
				GCC_WARN_UNUSED_VARIABLE = YES;
				IPHONEOS_DEPLOYMENT_TARGET = 10.3;
				MTL_ENABLE_DEBUG_INFO = YES;
				ONLY_ACTIVE_ARCH = YES;
				SDKROOT = iphoneos;
				SWIFT_ACTIVE_COMPILATION_CONDITIONS = DEBUG;
				SWIFT_OPTIMIZATION_LEVEL = "-Onone";
			};
			name = Debug;
		};
		A13488BD1F3572BA00354676 /* Release */ = {
			isa = XCBuildConfiguration;
			buildSettings = {
				ALWAYS_SEARCH_USER_PATHS = NO;
				CLANG_ANALYZER_NONNULL = YES;
				CLANG_ANALYZER_NUMBER_OBJECT_CONVERSION = YES_AGGRESSIVE;
				CLANG_CXX_LANGUAGE_STANDARD = "gnu++0x";
				CLANG_CXX_LIBRARY = "libc++";
				CLANG_ENABLE_MODULES = YES;
				CLANG_ENABLE_OBJC_ARC = YES;
				CLANG_WARN_BOOL_CONVERSION = YES;
				CLANG_WARN_CONSTANT_CONVERSION = YES;
				CLANG_WARN_DIRECT_OBJC_ISA_USAGE = YES_ERROR;
				CLANG_WARN_DOCUMENTATION_COMMENTS = YES;
				CLANG_WARN_EMPTY_BODY = YES;
				CLANG_WARN_ENUM_CONVERSION = YES;
				CLANG_WARN_INFINITE_RECURSION = YES;
				CLANG_WARN_INT_CONVERSION = YES;
				CLANG_WARN_OBJC_ROOT_CLASS = YES_ERROR;
				CLANG_WARN_SUSPICIOUS_MOVE = YES;
				CLANG_WARN_UNREACHABLE_CODE = YES;
				CLANG_WARN__DUPLICATE_METHOD_MATCH = YES;
				"CODE_SIGN_IDENTITY[sdk=iphoneos*]" = "iPhone Developer";
				COPY_PHASE_STRIP = NO;
				DEBUG_INFORMATION_FORMAT = "dwarf-with-dsym";
				ENABLE_NS_ASSERTIONS = NO;
				ENABLE_STRICT_OBJC_MSGSEND = YES;
				GCC_C_LANGUAGE_STANDARD = gnu99;
				GCC_NO_COMMON_BLOCKS = YES;
				GCC_WARN_64_TO_32_BIT_CONVERSION = YES;
				GCC_WARN_ABOUT_RETURN_TYPE = YES_ERROR;
				GCC_WARN_UNDECLARED_SELECTOR = YES;
				GCC_WARN_UNINITIALIZED_AUTOS = YES_AGGRESSIVE;
				GCC_WARN_UNUSED_FUNCTION = YES;
				GCC_WARN_UNUSED_VARIABLE = YES;
				IPHONEOS_DEPLOYMENT_TARGET = 10.3;
				MTL_ENABLE_DEBUG_INFO = NO;
				SDKROOT = iphoneos;
				SWIFT_OPTIMIZATION_LEVEL = "-Owholemodule";
				VALIDATE_PRODUCT = YES;
			};
			name = Release;
		};
		A13488BF1F3572BA00354676 /* Debug */ = {
			isa = XCBuildConfiguration;
			buildSettings = {
				ASSETCATALOG_COMPILER_APPICON_NAME = AppIcon;
				DEVELOPMENT_TEAM = RCFBK97QU7;
				INFOPLIST_FILE = Checkbox/Info.plist;
				LD_RUNPATH_SEARCH_PATHS = "$(inherited) @executable_path/Frameworks";
				PRODUCT_BUNDLE_IDENTIFIER = com.pearpi.Checkbox;
				PRODUCT_NAME = "$(TARGET_NAME)";
				SWIFT_VERSION = 3.0;
			};
			name = Debug;
		};
		A13488C01F3572BA00354676 /* Release */ = {
			isa = XCBuildConfiguration;
			buildSettings = {
				ASSETCATALOG_COMPILER_APPICON_NAME = AppIcon;
				DEVELOPMENT_TEAM = RCFBK97QU7;
				INFOPLIST_FILE = Checkbox/Info.plist;
				LD_RUNPATH_SEARCH_PATHS = "$(inherited) @executable_path/Frameworks";
				PRODUCT_BUNDLE_IDENTIFIER = com.pearpi.Checkbox;
				PRODUCT_NAME = "$(TARGET_NAME)";
				SWIFT_VERSION = 3.0;
			};
			name = Release;
		};
/* End XCBuildConfiguration section */

/* Begin XCConfigurationList section */
		A13488A71F3572B900354676 /* Build configuration list for PBXProject "Checkbox" */ = {
			isa = XCConfigurationList;
			buildConfigurations = (
				A13488BC1F3572BA00354676 /* Debug */,
				A13488BD1F3572BA00354676 /* Release */,
			);
			defaultConfigurationIsVisible = 0;
			defaultConfigurationName = Release;
		};
		A13488BE1F3572BA00354676 /* Build configuration list for PBXNativeTarget "Checkbox" */ = {
			isa = XCConfigurationList;
			buildConfigurations = (
				A13488BF1F3572BA00354676 /* Debug */,
				A13488C01F3572BA00354676 /* Release */,
			);
			defaultConfigurationIsVisible = 0;
		};
/* End XCConfigurationList section */
	};
	rootObject = A13488A41F3572B900354676 /* Project object */;
}
